// !$*UTF8*$!
{
	archiveVersion = 1;
	classes = {
	};
	objectVersion = 46;
	objects = {

/* Begin PBXBuildFile section */
		2B673A3D1A59F9A9001AE87F /* main.m in Sources */ = {isa = PBXBuildFile; fileRef = 2B673A3C1A59F9A9001AE87F /* main.m */; };
		2B673A401A59F9A9001AE87F /* AppDelegate.m in Sources */ = {isa = PBXBuildFile; fileRef = 2B673A3F1A59F9A9001AE87F /* AppDelegate.m */; };
		2B673A431A59F9A9001AE87F /* ContactLoadViewController.m in Sources */ = {isa = PBXBuildFile; fileRef = 2B673A421A59F9A9001AE87F /* ContactLoadViewController.m */; };
		2B673A461A59F9A9001AE87F /* Main.storyboard in Resources */ = {isa = PBXBuildFile; fileRef = 2B673A441A59F9A9001AE87F /* Main.storyboard */; };
		2B673A481A59F9A9001AE87F /* Images.xcassets in Resources */ = {isa = PBXBuildFile; fileRef = 2B673A471A59F9A9001AE87F /* Images.xcassets */; };
		2B673A4B1A59F9AA001AE87F /* LaunchScreen.xib in Resources */ = {isa = PBXBuildFile; fileRef = 2B673A491A59F9AA001AE87F /* LaunchScreen.xib */; };
		2B673A571A59F9AA001AE87F /* KCAddressBookTests.m in Sources */ = {isa = PBXBuildFile; fileRef = 2B673A561A59F9AA001AE87F /* KCAddressBookTests.m */; };
		2BC15A091A5A340A00B5C6CE /* AFNetworkActivityLogger.m in Sources */ = {isa = PBXBuildFile; fileRef = 2BC159F41A5A340A00B5C6CE /* AFNetworkActivityLogger.m */; };
		2BC15A0A1A5A340A00B5C6CE /* AFHTTPRequestOperation.m in Sources */ = {isa = PBXBuildFile; fileRef = 2BC159F71A5A340A00B5C6CE /* AFHTTPRequestOperation.m */; };
		2BC15A0B1A5A340A00B5C6CE /* AFHTTPRequestOperationManager.m in Sources */ = {isa = PBXBuildFile; fileRef = 2BC159F91A5A340A00B5C6CE /* AFHTTPRequestOperationManager.m */; };
		2BC15A0C1A5A340A00B5C6CE /* AFHTTPSessionManager.m in Sources */ = {isa = PBXBuildFile; fileRef = 2BC159FB1A5A340A00B5C6CE /* AFHTTPSessionManager.m */; };
		2BC15A0D1A5A340A00B5C6CE /* AFNetworkReachabilityManager.m in Sources */ = {isa = PBXBuildFile; fileRef = 2BC159FE1A5A340A00B5C6CE /* AFNetworkReachabilityManager.m */; };
		2BC15A0E1A5A340A00B5C6CE /* AFSecurityPolicy.m in Sources */ = {isa = PBXBuildFile; fileRef = 2BC15A001A5A340A00B5C6CE /* AFSecurityPolicy.m */; };
		2BC15A0F1A5A340A00B5C6CE /* AFURLConnectionOperation.m in Sources */ = {isa = PBXBuildFile; fileRef = 2BC15A021A5A340A00B5C6CE /* AFURLConnectionOperation.m */; };
		2BC15A101A5A340A00B5C6CE /* AFURLRequestSerialization.m in Sources */ = {isa = PBXBuildFile; fileRef = 2BC15A041A5A340A00B5C6CE /* AFURLRequestSerialization.m */; };
		2BC15A111A5A340A00B5C6CE /* AFURLResponseSerialization.m in Sources */ = {isa = PBXBuildFile; fileRef = 2BC15A061A5A340A00B5C6CE /* AFURLResponseSerialization.m */; };
		2BC15A121A5A340A00B5C6CE /* AFURLSessionManager.m in Sources */ = {isa = PBXBuildFile; fileRef = 2BC15A081A5A340A00B5C6CE /* AFURLSessionManager.m */; };
		2BC15A151A5A37AB00B5C6CE /* KC_HTTPClient.m in Sources */ = {isa = PBXBuildFile; fileRef = 2BC15A141A5A37AB00B5C6CE /* KC_HTTPClient.m */; };
		2BC15A1A1A5A493A00B5C6CE /* KC_ContactUser.m in Sources */ = {isa = PBXBuildFile; fileRef = 2BC15A191A5A493A00B5C6CE /* KC_ContactUser.m */; };
		2BC15A1D1A5A4E0100B5C6CE /* KC_Name.m in Sources */ = {isa = PBXBuildFile; fileRef = 2BC15A1C1A5A4E0100B5C6CE /* KC_Name.m */; };
		2BC15A201A5A4E1A00B5C6CE /* KC_Location.m in Sources */ = {isa = PBXBuildFile; fileRef = 2BC15A1F1A5A4E1A00B5C6CE /* KC_Location.m */; };
		2BC15A231A5A4E3D00B5C6CE /* KC_Picture.m in Sources */ = {isa = PBXBuildFile; fileRef = 2BC15A221A5A4E3D00B5C6CE /* KC_Picture.m */; };
		2BC15A261A5AC37C00B5C6CE /* KC_AddressBookSingleton.m in Sources */ = {isa = PBXBuildFile; fileRef = 2BC15A251A5AC37C00B5C6CE /* KC_AddressBookSingleton.m */; };
		2BC15A2A1A5AC5CB00B5C6CE /* ContactListTableViewController.m in Sources */ = {isa = PBXBuildFile; fileRef = 2BC15A291A5AC5CB00B5C6CE /* ContactListTableViewController.m */; };
/* End PBXBuildFile section */

/* Begin PBXContainerItemProxy section */
		2B673A511A59F9AA001AE87F /* PBXContainerItemProxy */ = {
			isa = PBXContainerItemProxy;
			containerPortal = 2B673A2F1A59F9A9001AE87F /* Project object */;
			proxyType = 1;
			remoteGlobalIDString = 2B673A361A59F9A9001AE87F;
			remoteInfo = KCAddressBook;
		};
/* End PBXContainerItemProxy section */

/* Begin PBXFileReference section */
		2B673A371A59F9A9001AE87F /* KCAddressBook.app */ = {isa = PBXFileReference; explicitFileType = wrapper.application; includeInIndex = 0; path = KCAddressBook.app; sourceTree = BUILT_PRODUCTS_DIR; };
		2B673A3B1A59F9A9001AE87F /* Info.plist */ = {isa = PBXFileReference; lastKnownFileType = text.plist.xml; path = Info.plist; sourceTree = "<group>"; };
		2B673A3C1A59F9A9001AE87F /* main.m */ = {isa = PBXFileReference; lastKnownFileType = sourcecode.c.objc; path = main.m; sourceTree = "<group>"; };
		2B673A3E1A59F9A9001AE87F /* AppDelegate.h */ = {isa = PBXFileReference; lastKnownFileType = sourcecode.c.h; path = AppDelegate.h; sourceTree = "<group>"; };
		2B673A3F1A59F9A9001AE87F /* AppDelegate.m */ = {isa = PBXFileReference; lastKnownFileType = sourcecode.c.objc; path = AppDelegate.m; sourceTree = "<group>"; };
		2B673A411A59F9A9001AE87F /* ContactLoadViewController.h */ = {isa = PBXFileReference; lastKnownFileType = sourcecode.c.h; path = ContactLoadViewController.h; sourceTree = "<group>"; };
		2B673A421A59F9A9001AE87F /* ContactLoadViewController.m */ = {isa = PBXFileReference; lastKnownFileType = sourcecode.c.objc; path = ContactLoadViewController.m; sourceTree = "<group>"; };
		2B673A451A59F9A9001AE87F /* Base */ = {isa = PBXFileReference; lastKnownFileType = file.storyboard; name = Base; path = Base.lproj/Main.storyboard; sourceTree = "<group>"; };
		2B673A471A59F9A9001AE87F /* Images.xcassets */ = {isa = PBXFileReference; lastKnownFileType = folder.assetcatalog; path = Images.xcassets; sourceTree = "<group>"; };
		2B673A4A1A59F9AA001AE87F /* Base */ = {isa = PBXFileReference; lastKnownFileType = file.xib; name = Base; path = Base.lproj/LaunchScreen.xib; sourceTree = "<group>"; };
		2B673A501A59F9AA001AE87F /* KCAddressBookTests.xctest */ = {isa = PBXFileReference; explicitFileType = wrapper.cfbundle; includeInIndex = 0; path = KCAddressBookTests.xctest; sourceTree = BUILT_PRODUCTS_DIR; };
		2B673A551A59F9AA001AE87F /* Info.plist */ = {isa = PBXFileReference; lastKnownFileType = text.plist.xml; path = Info.plist; sourceTree = "<group>"; };
		2B673A561A59F9AA001AE87F /* KCAddressBookTests.m */ = {isa = PBXFileReference; lastKnownFileType = sourcecode.c.objc; path = KCAddressBookTests.m; sourceTree = "<group>"; };
		2BC159F31A5A340A00B5C6CE /* AFNetworkActivityLogger.h */ = {isa = PBXFileReference; fileEncoding = 4; lastKnownFileType = sourcecode.c.h; path = AFNetworkActivityLogger.h; sourceTree = "<group>"; };
		2BC159F41A5A340A00B5C6CE /* AFNetworkActivityLogger.m */ = {isa = PBXFileReference; fileEncoding = 4; lastKnownFileType = sourcecode.c.objc; path = AFNetworkActivityLogger.m; sourceTree = "<group>"; };
		2BC159F61A5A340A00B5C6CE /* AFHTTPRequestOperation.h */ = {isa = PBXFileReference; fileEncoding = 4; lastKnownFileType = sourcecode.c.h; path = AFHTTPRequestOperation.h; sourceTree = "<group>"; };
		2BC159F71A5A340A00B5C6CE /* AFHTTPRequestOperation.m */ = {isa = PBXFileReference; fileEncoding = 4; lastKnownFileType = sourcecode.c.objc; path = AFHTTPRequestOperation.m; sourceTree = "<group>"; };
		2BC159F81A5A340A00B5C6CE /* AFHTTPRequestOperationManager.h */ = {isa = PBXFileReference; fileEncoding = 4; lastKnownFileType = sourcecode.c.h; path = AFHTTPRequestOperationManager.h; sourceTree = "<group>"; };
		2BC159F91A5A340A00B5C6CE /* AFHTTPRequestOperationManager.m */ = {isa = PBXFileReference; fileEncoding = 4; lastKnownFileType = sourcecode.c.objc; path = AFHTTPRequestOperationManager.m; sourceTree = "<group>"; };
		2BC159FA1A5A340A00B5C6CE /* AFHTTPSessionManager.h */ = {isa = PBXFileReference; fileEncoding = 4; lastKnownFileType = sourcecode.c.h; path = AFHTTPSessionManager.h; sourceTree = "<group>"; };
		2BC159FB1A5A340A00B5C6CE /* AFHTTPSessionManager.m */ = {isa = PBXFileReference; fileEncoding = 4; lastKnownFileType = sourcecode.c.objc; path = AFHTTPSessionManager.m; sourceTree = "<group>"; };
		2BC159FC1A5A340A00B5C6CE /* AFNetworking.h */ = {isa = PBXFileReference; fileEncoding = 4; lastKnownFileType = sourcecode.c.h; path = AFNetworking.h; sourceTree = "<group>"; };
		2BC159FD1A5A340A00B5C6CE /* AFNetworkReachabilityManager.h */ = {isa = PBXFileReference; fileEncoding = 4; lastKnownFileType = sourcecode.c.h; path = AFNetworkReachabilityManager.h; sourceTree = "<group>"; };
		2BC159FE1A5A340A00B5C6CE /* AFNetworkReachabilityManager.m */ = {isa = PBXFileReference; fileEncoding = 4; lastKnownFileType = sourcecode.c.objc; path = AFNetworkReachabilityManager.m; sourceTree = "<group>"; };
		2BC159FF1A5A340A00B5C6CE /* AFSecurityPolicy.h */ = {isa = PBXFileReference; fileEncoding = 4; lastKnownFileType = sourcecode.c.h; path = AFSecurityPolicy.h; sourceTree = "<group>"; };
		2BC15A001A5A340A00B5C6CE /* AFSecurityPolicy.m */ = {isa = PBXFileReference; fileEncoding = 4; lastKnownFileType = sourcecode.c.objc; path = AFSecurityPolicy.m; sourceTree = "<group>"; };
		2BC15A011A5A340A00B5C6CE /* AFURLConnectionOperation.h */ = {isa = PBXFileReference; fileEncoding = 4; lastKnownFileType = sourcecode.c.h; path = AFURLConnectionOperation.h; sourceTree = "<group>"; };
		2BC15A021A5A340A00B5C6CE /* AFURLConnectionOperation.m */ = {isa = PBXFileReference; fileEncoding = 4; lastKnownFileType = sourcecode.c.objc; path = AFURLConnectionOperation.m; sourceTree = "<group>"; };
		2BC15A031A5A340A00B5C6CE /* AFURLRequestSerialization.h */ = {isa = PBXFileReference; fileEncoding = 4; lastKnownFileType = sourcecode.c.h; path = AFURLRequestSerialization.h; sourceTree = "<group>"; };
		2BC15A041A5A340A00B5C6CE /* AFURLRequestSerialization.m */ = {isa = PBXFileReference; fileEncoding = 4; lastKnownFileType = sourcecode.c.objc; path = AFURLRequestSerialization.m; sourceTree = "<group>"; };
		2BC15A051A5A340A00B5C6CE /* AFURLResponseSerialization.h */ = {isa = PBXFileReference; fileEncoding = 4; lastKnownFileType = sourcecode.c.h; path = AFURLResponseSerialization.h; sourceTree = "<group>"; };
		2BC15A061A5A340A00B5C6CE /* AFURLResponseSerialization.m */ = {isa = PBXFileReference; fileEncoding = 4; lastKnownFileType = sourcecode.c.objc; path = AFURLResponseSerialization.m; sourceTree = "<group>"; };
		2BC15A071A5A340A00B5C6CE /* AFURLSessionManager.h */ = {isa = PBXFileReference; fileEncoding = 4; lastKnownFileType = sourcecode.c.h; path = AFURLSessionManager.h; sourceTree = "<group>"; };
		2BC15A081A5A340A00B5C6CE /* AFURLSessionManager.m */ = {isa = PBXFileReference; fileEncoding = 4; lastKnownFileType = sourcecode.c.objc; path = AFURLSessionManager.m; sourceTree = "<group>"; };
		2BC15A131A5A37AB00B5C6CE /* KC_HTTPClient.h */ = {isa = PBXFileReference; fileEncoding = 4; lastKnownFileType = sourcecode.c.h; name = KC_HTTPClient.h; path = API/KC_HTTPClient.h; sourceTree = "<group>"; };
		2BC15A141A5A37AB00B5C6CE /* KC_HTTPClient.m */ = {isa = PBXFileReference; fileEncoding = 4; lastKnownFileType = sourcecode.c.objc; name = KC_HTTPClient.m; path = API/KC_HTTPClient.m; sourceTree = "<group>"; };
		2BC15A161A5A391600B5C6CE /* KC_Constants.h */ = {isa = PBXFileReference; fileEncoding = 4; lastKnownFileType = sourcecode.c.h; path = KC_Constants.h; sourceTree = "<group>"; };
		2BC15A181A5A493A00B5C6CE /* KC_ContactUser.h */ = {isa = PBXFileReference; fileEncoding = 4; lastKnownFileType = sourcecode.c.h; name = KC_ContactUser.h; path = model/KC_ContactUser.h; sourceTree = "<group>"; };
		2BC15A191A5A493A00B5C6CE /* KC_ContactUser.m */ = {isa = PBXFileReference; fileEncoding = 4; lastKnownFileType = sourcecode.c.objc; name = KC_ContactUser.m; path = model/KC_ContactUser.m; sourceTree = "<group>"; };
		2BC15A1B1A5A4E0100B5C6CE /* KC_Name.h */ = {isa = PBXFileReference; fileEncoding = 4; lastKnownFileType = sourcecode.c.h; name = KC_Name.h; path = model/KC_Name.h; sourceTree = "<group>"; };
		2BC15A1C1A5A4E0100B5C6CE /* KC_Name.m */ = {isa = PBXFileReference; fileEncoding = 4; lastKnownFileType = sourcecode.c.objc; name = KC_Name.m; path = model/KC_Name.m; sourceTree = "<group>"; };
		2BC15A1E1A5A4E1A00B5C6CE /* KC_Location.h */ = {isa = PBXFileReference; fileEncoding = 4; lastKnownFileType = sourcecode.c.h; path = KC_Location.h; sourceTree = "<group>"; };
		2BC15A1F1A5A4E1A00B5C6CE /* KC_Location.m */ = {isa = PBXFileReference; fileEncoding = 4; lastKnownFileType = sourcecode.c.objc; path = KC_Location.m; sourceTree = "<group>"; };
		2BC15A211A5A4E3D00B5C6CE /* KC_Picture.h */ = {isa = PBXFileReference; fileEncoding = 4; lastKnownFileType = sourcecode.c.h; name = KC_Picture.h; path = model/KC_Picture.h; sourceTree = "<group>"; };
		2BC15A221A5A4E3D00B5C6CE /* KC_Picture.m */ = {isa = PBXFileReference; fileEncoding = 4; lastKnownFileType = sourcecode.c.objc; name = KC_Picture.m; path = model/KC_Picture.m; sourceTree = "<group>"; };
		2BC15A241A5AC37C00B5C6CE /* KC_AddressBookSingleton.h */ = {isa = PBXFileReference; fileEncoding = 4; lastKnownFileType = sourcecode.c.h; path = KC_AddressBookSingleton.h; sourceTree = "<group>"; };
		2BC15A251A5AC37C00B5C6CE /* KC_AddressBookSingleton.m */ = {isa = PBXFileReference; fileEncoding = 4; lastKnownFileType = sourcecode.c.objc; path = KC_AddressBookSingleton.m; sourceTree = "<group>"; };
		2BC15A281A5AC5CB00B5C6CE /* ContactListTableViewController.h */ = {isa = PBXFileReference; fileEncoding = 4; lastKnownFileType = sourcecode.c.h; name = ContactListTableViewController.h; path = views/ContactListTableViewController.h; sourceTree = "<group>"; };
		2BC15A291A5AC5CB00B5C6CE /* ContactListTableViewController.m */ = {isa = PBXFileReference; fileEncoding = 4; lastKnownFileType = sourcecode.c.objc; name = ContactListTableViewController.m; path = views/ContactListTableViewController.m; sourceTree = "<group>"; };
/* End PBXFileReference section */

/* Begin PBXFrameworksBuildPhase section */
		2B673A341A59F9A9001AE87F /* Frameworks */ = {
			isa = PBXFrameworksBuildPhase;
			buildActionMask = 2147483647;
			files = (
			);
			runOnlyForDeploymentPostprocessing = 0;
		};
		2B673A4D1A59F9AA001AE87F /* Frameworks */ = {
			isa = PBXFrameworksBuildPhase;
			buildActionMask = 2147483647;
			files = (
			);
			runOnlyForDeploymentPostprocessing = 0;
		};
/* End PBXFrameworksBuildPhase section */

/* Begin PBXGroup section */
		2B673A2E1A59F9A9001AE87F = {
			isa = PBXGroup;
			children = (
				2B673A391A59F9A9001AE87F /* KCAddressBook */,
				2B673A531A59F9AA001AE87F /* KCAddressBookTests */,
				2B673A381A59F9A9001AE87F /* Products */,
			);
			sourceTree = "<group>";
		};
		2B673A381A59F9A9001AE87F /* Products */ = {
			isa = PBXGroup;
			children = (
				2B673A371A59F9A9001AE87F /* KCAddressBook.app */,
				2B673A501A59F9AA001AE87F /* KCAddressBookTests.xctest */,
			);
			name = Products;
			sourceTree = "<group>";
		};
		2B673A391A59F9A9001AE87F /* KCAddressBook */ = {
			isa = PBXGroup;
			children = (
				2BC15A171A5A48A800B5C6CE /* model */,
				2B673A611A59FB16001AE87F /* libraries */,
				2B673A601A59FB05001AE87F /* API */,
				2B673A3E1A59F9A9001AE87F /* AppDelegate.h */,
				2B673A3F1A59F9A9001AE87F /* AppDelegate.m */,
				2BC15A271A5AC59400B5C6CE /* views */,
				2B673A441A59F9A9001AE87F /* Main.storyboard */,
				2B673A471A59F9A9001AE87F /* Images.xcassets */,
				2B673A491A59F9AA001AE87F /* LaunchScreen.xib */,
				2B673A3A1A59F9A9001AE87F /* Supporting Files */,
				2BC15A161A5A391600B5C6CE /* KC_Constants.h */,
				2BC15A241A5AC37C00B5C6CE /* KC_AddressBookSingleton.h */,
				2BC15A251A5AC37C00B5C6CE /* KC_AddressBookSingleton.m */,
			);
			path = KCAddressBook;
			sourceTree = "<group>";
		};
		2B673A3A1A59F9A9001AE87F /* Supporting Files */ = {
			isa = PBXGroup;
			children = (
				2B673A3B1A59F9A9001AE87F /* Info.plist */,
				2B673A3C1A59F9A9001AE87F /* main.m */,
			);
			name = "Supporting Files";
			sourceTree = "<group>";
		};
		2B673A531A59F9AA001AE87F /* KCAddressBookTests */ = {
			isa = PBXGroup;
			children = (
				2B673A561A59F9AA001AE87F /* KCAddressBookTests.m */,
				2B673A541A59F9AA001AE87F /* Supporting Files */,
			);
			path = KCAddressBookTests;
			sourceTree = "<group>";
		};
		2B673A541A59F9AA001AE87F /* Supporting Files */ = {
			isa = PBXGroup;
			children = (
				2B673A551A59F9AA001AE87F /* Info.plist */,
			);
			name = "Supporting Files";
			sourceTree = "<group>";
		};
		2B673A601A59FB05001AE87F /* API */ = {
			isa = PBXGroup;
			children = (
				2BC15A131A5A37AB00B5C6CE /* KC_HTTPClient.h */,
				2BC15A141A5A37AB00B5C6CE /* KC_HTTPClient.m */,
			);
			name = API;
			sourceTree = "<group>";
		};
		2B673A611A59FB16001AE87F /* libraries */ = {
			isa = PBXGroup;
			children = (
				2BC159F21A5A340A00B5C6CE /* AFNetworkActivityLogger */,
				2BC159F51A5A340A00B5C6CE /* AFNetworking */,
			);
			name = libraries;
			sourceTree = "<group>";
		};
		2BC159F21A5A340A00B5C6CE /* AFNetworkActivityLogger */ = {
			isa = PBXGroup;
			children = (
				2BC159F31A5A340A00B5C6CE /* AFNetworkActivityLogger.h */,
				2BC159F41A5A340A00B5C6CE /* AFNetworkActivityLogger.m */,
			);
			path = AFNetworkActivityLogger;
			sourceTree = "<group>";
		};
		2BC159F51A5A340A00B5C6CE /* AFNetworking */ = {
			isa = PBXGroup;
			children = (
				2BC159F61A5A340A00B5C6CE /* AFHTTPRequestOperation.h */,
				2BC159F71A5A340A00B5C6CE /* AFHTTPRequestOperation.m */,
				2BC159F81A5A340A00B5C6CE /* AFHTTPRequestOperationManager.h */,
				2BC159F91A5A340A00B5C6CE /* AFHTTPRequestOperationManager.m */,
				2BC159FA1A5A340A00B5C6CE /* AFHTTPSessionManager.h */,
				2BC159FB1A5A340A00B5C6CE /* AFHTTPSessionManager.m */,
				2BC159FC1A5A340A00B5C6CE /* AFNetworking.h */,
				2BC159FD1A5A340A00B5C6CE /* AFNetworkReachabilityManager.h */,
				2BC159FE1A5A340A00B5C6CE /* AFNetworkReachabilityManager.m */,
				2BC159FF1A5A340A00B5C6CE /* AFSecurityPolicy.h */,
				2BC15A001A5A340A00B5C6CE /* AFSecurityPolicy.m */,
				2BC15A011A5A340A00B5C6CE /* AFURLConnectionOperation.h */,
				2BC15A021A5A340A00B5C6CE /* AFURLConnectionOperation.m */,
				2BC15A031A5A340A00B5C6CE /* AFURLRequestSerialization.h */,
				2BC15A041A5A340A00B5C6CE /* AFURLRequestSerialization.m */,
				2BC15A051A5A340A00B5C6CE /* AFURLResponseSerialization.h */,
				2BC15A061A5A340A00B5C6CE /* AFURLResponseSerialization.m */,
				2BC15A071A5A340A00B5C6CE /* AFURLSessionManager.h */,
				2BC15A081A5A340A00B5C6CE /* AFURLSessionManager.m */,
			);
			path = AFNetworking;
			sourceTree = "<group>";
		};
		2BC15A171A5A48A800B5C6CE /* model */ = {
			isa = PBXGroup;
			children = (
				2BC15A181A5A493A00B5C6CE /* KC_ContactUser.h */,
				2BC15A191A5A493A00B5C6CE /* KC_ContactUser.m */,
				2BC15A1B1A5A4E0100B5C6CE /* KC_Name.h */,
				2BC15A1C1A5A4E0100B5C6CE /* KC_Name.m */,
				2BC15A1E1A5A4E1A00B5C6CE /* KC_Location.h */,
				2BC15A1F1A5A4E1A00B5C6CE /* KC_Location.m */,
				2BC15A211A5A4E3D00B5C6CE /* KC_Picture.h */,
				2BC15A221A5A4E3D00B5C6CE /* KC_Picture.m */,
			);
			name = model;
			sourceTree = "<group>";
		};
		2BC15A271A5AC59400B5C6CE /* views */ = {
			isa = PBXGroup;
			children = (
				2B673A411A59F9A9001AE87F /* ContactLoadViewController.h */,
				2B673A421A59F9A9001AE87F /* ContactLoadViewController.m */,
				2BC15A281A5AC5CB00B5C6CE /* ContactListTableViewController.h */,
				2BC15A291A5AC5CB00B5C6CE /* ContactListTableViewController.m */,
			);
			name = views;
			sourceTree = "<group>";
		};
/* End PBXGroup section */

/* Begin PBXNativeTarget section */
		2B673A361A59F9A9001AE87F /* KCAddressBook */ = {
			isa = PBXNativeTarget;
			buildConfigurationList = 2B673A5A1A59F9AA001AE87F /* Build configuration list for PBXNativeTarget "KCAddressBook" */;
			buildPhases = (
				2B673A331A59F9A9001AE87F /* Sources */,
				2B673A341A59F9A9001AE87F /* Frameworks */,
				2B673A351A59F9A9001AE87F /* Resources */,
			);
			buildRules = (
			);
			dependencies = (
			);
			name = KCAddressBook;
			productName = KCAddressBook;
			productReference = 2B673A371A59F9A9001AE87F /* KCAddressBook.app */;
			productType = "com.apple.product-type.application";
		};
		2B673A4F1A59F9AA001AE87F /* KCAddressBookTests */ = {
			isa = PBXNativeTarget;
			buildConfigurationList = 2B673A5D1A59F9AA001AE87F /* Build configuration list for PBXNativeTarget "KCAddressBookTests" */;
			buildPhases = (
				2B673A4C1A59F9AA001AE87F /* Sources */,
				2B673A4D1A59F9AA001AE87F /* Frameworks */,
				2B673A4E1A59F9AA001AE87F /* Resources */,
			);
			buildRules = (
			);
			dependencies = (
				2B673A521A59F9AA001AE87F /* PBXTargetDependency */,
			);
			name = KCAddressBookTests;
			productName = KCAddressBookTests;
			productReference = 2B673A501A59F9AA001AE87F /* KCAddressBookTests.xctest */;
			productType = "com.apple.product-type.bundle.unit-test";
		};
/* End PBXNativeTarget section */

/* Begin PBXProject section */
		2B673A2F1A59F9A9001AE87F /* Project object */ = {
			isa = PBXProject;
			attributes = {
				LastUpgradeCheck = 0610;
				ORGANIZATIONNAME = "Edward Philip";
				TargetAttributes = {
					2B673A361A59F9A9001AE87F = {
						CreatedOnToolsVersion = 6.1.1;
					};
					2B673A4F1A59F9AA001AE87F = {
						CreatedOnToolsVersion = 6.1.1;
						TestTargetID = 2B673A361A59F9A9001AE87F;
					};
				};
			};
			buildConfigurationList = 2B673A321A59F9A9001AE87F /* Build configuration list for PBXProject "KCAddressBook" */;
			compatibilityVersion = "Xcode 3.2";
			developmentRegion = English;
			hasScannedForEncodings = 0;
			knownRegions = (
				en,
				Base,
			);
			mainGroup = 2B673A2E1A59F9A9001AE87F;
			productRefGroup = 2B673A381A59F9A9001AE87F /* Products */;
			projectDirPath = "";
			projectRoot = "";
			targets = (
				2B673A361A59F9A9001AE87F /* KCAddressBook */,
				2B673A4F1A59F9AA001AE87F /* KCAddressBookTests */,
			);
		};
/* End PBXProject section */

/* Begin PBXResourcesBuildPhase section */
		2B673A351A59F9A9001AE87F /* Resources */ = {
			isa = PBXResourcesBuildPhase;
			buildActionMask = 2147483647;
			files = (
				2B673A461A59F9A9001AE87F /* Main.storyboard in Resources */,
				2B673A4B1A59F9AA001AE87F /* LaunchScreen.xib in Resources */,
				2B673A481A59F9A9001AE87F /* Images.xcassets in Resources */,
			);
			runOnlyForDeploymentPostprocessing = 0;
		};
		2B673A4E1A59F9AA001AE87F /* Resources */ = {
			isa = PBXResourcesBuildPhase;
			buildActionMask = 2147483647;
			files = (
			);
			runOnlyForDeploymentPostprocessing = 0;
		};
/* End PBXResourcesBuildPhase section */

/* Begin PBXSourcesBuildPhase section */
		2B673A331A59F9A9001AE87F /* Sources */ = {
			isa = PBXSourcesBuildPhase;
			buildActionMask = 2147483647;
			files = (
				2BC15A2A1A5AC5CB00B5C6CE /* ContactListTableViewController.m in Sources */,
				2B673A431A59F9A9001AE87F /* ContactLoadViewController.m in Sources */,
				2BC15A0E1A5A340A00B5C6CE /* AFSecurityPolicy.m in Sources */,
				2BC15A1D1A5A4E0100B5C6CE /* KC_Name.m in Sources */,
				2B673A401A59F9A9001AE87F /* AppDelegate.m in Sources */,
				2BC15A231A5A4E3D00B5C6CE /* KC_Picture.m in Sources */,
				2BC15A0B1A5A340A00B5C6CE /* AFHTTPRequestOperationManager.m in Sources */,
				2BC15A201A5A4E1A00B5C6CE /* KC_Location.m in Sources */,
				2BC15A0F1A5A340A00B5C6CE /* AFURLConnectionOperation.m in Sources */,
				2BC15A1A1A5A493A00B5C6CE /* KC_ContactUser.m in Sources */,
				2BC15A0A1A5A340A00B5C6CE /* AFHTTPRequestOperation.m in Sources */,
				2BC15A091A5A340A00B5C6CE /* AFNetworkActivityLogger.m in Sources */,
				2BC15A101A5A340A00B5C6CE /* AFURLRequestSerialization.m in Sources */,
				2BC15A0C1A5A340A00B5C6CE /* AFHTTPSessionManager.m in Sources */,
				2BC15A0D1A5A340A00B5C6CE /* AFNetworkReachabilityManager.m in Sources */,
				2BC15A111A5A340A00B5C6CE /* AFURLResponseSerialization.m in Sources */,
				2BC15A121A5A340A00B5C6CE /* AFURLSessionManager.m in Sources */,
				2BC15A261A5AC37C00B5C6CE /* KC_AddressBookSingleton.m in Sources */,
				2BC15A151A5A37AB00B5C6CE /* KC_HTTPClient.m in Sources */,
				2B673A3D1A59F9A9001AE87F /* main.m in Sources */,
			);
			runOnlyForDeploymentPostprocessing = 0;
		};
		2B673A4C1A59F9AA001AE87F /* Sources */ = {
			isa = PBXSourcesBuildPhase;
			buildActionMask = 2147483647;
			files = (
				2B673A571A59F9AA001AE87F /* KCAddressBookTests.m in Sources */,
			);
			runOnlyForDeploymentPostprocessing = 0;
		};
/* End PBXSourcesBuildPhase section */

/* Begin PBXTargetDependency section */
		2B673A521A59F9AA001AE87F /* PBXTargetDependency */ = {
			isa = PBXTargetDependency;
			target = 2B673A361A59F9A9001AE87F /* KCAddressBook */;
			targetProxy = 2B673A511A59F9AA001AE87F /* PBXContainerItemProxy */;
		};
/* End PBXTargetDependency section */

/* Begin PBXVariantGroup section */
		2B673A441A59F9A9001AE87F /* Main.storyboard */ = {
			isa = PBXVariantGroup;
			children = (
				2B673A451A59F9A9001AE87F /* Base */,
			);
			name = Main.storyboard;
			sourceTree = "<group>";
		};
		2B673A491A59F9AA001AE87F /* LaunchScreen.xib */ = {
			isa = PBXVariantGroup;
			children = (
				2B673A4A1A59F9AA001AE87F /* Base */,
			);
			name = LaunchScreen.xib;
			sourceTree = "<group>";
		};
/* End PBXVariantGroup section */

/* Begin XCBuildConfiguration section */
		2B673A581A59F9AA001AE87F /* Debug */ = {
			isa = XCBuildConfiguration;
			buildSettings = {
				ALWAYS_SEARCH_USER_PATHS = NO;
				CLANG_CXX_LANGUAGE_STANDARD = "gnu++0x";
				CLANG_CXX_LIBRARY = "libc++";
				CLANG_ENABLE_MODULES = YES;
				CLANG_ENABLE_OBJC_ARC = YES;
				CLANG_WARN_BOOL_CONVERSION = YES;
				CLANG_WARN_CONSTANT_CONVERSION = YES;
				CLANG_WARN_DIRECT_OBJC_ISA_USAGE = YES_ERROR;
				CLANG_WARN_EMPTY_BODY = YES;
				CLANG_WARN_ENUM_CONVERSION = YES;
				CLANG_WARN_INT_CONVERSION = YES;
				CLANG_WARN_OBJC_ROOT_CLASS = YES_ERROR;
				CLANG_WARN_UNREACHABLE_CODE = YES;
				CLANG_WARN__DUPLICATE_METHOD_MATCH = YES;
				"CODE_SIGN_IDENTITY[sdk=iphoneos*]" = "iPhone Developer";
				COPY_PHASE_STRIP = NO;
				ENABLE_STRICT_OBJC_MSGSEND = YES;
				GCC_C_LANGUAGE_STANDARD = gnu99;
				GCC_DYNAMIC_NO_PIC = NO;
				GCC_OPTIMIZATION_LEVEL = 0;
				GCC_PREPROCESSOR_DEFINITIONS = (
					"DEBUG=1",
					"$(inherited)",
				);
				GCC_SYMBOLS_PRIVATE_EXTERN = NO;
				GCC_WARN_64_TO_32_BIT_CONVERSION = YES;
				GCC_WARN_ABOUT_RETURN_TYPE = YES_ERROR;
				GCC_WARN_UNDECLARED_SELECTOR = YES;
				GCC_WARN_UNINITIALIZED_AUTOS = YES_AGGRESSIVE;
				GCC_WARN_UNUSED_FUNCTION = YES;
				GCC_WARN_UNUSED_VARIABLE = YES;
				IPHONEOS_DEPLOYMENT_TARGET = 8.1;
				MTL_ENABLE_DEBUG_INFO = YES;
				ONLY_ACTIVE_ARCH = YES;
				SDKROOT = iphoneos;
				TARGETED_DEVICE_FAMILY = "1,2";
			};
			name = Debug;
		};
		2B673A591A59F9AA001AE87F /* Release */ = {
			isa = XCBuildConfiguration;
			buildSettings = {
				ALWAYS_SEARCH_USER_PATHS = NO;
				CLANG_CXX_LANGUAGE_STANDARD = "gnu++0x";
				CLANG_CXX_LIBRARY = "libc++";
				CLANG_ENABLE_MODULES = YES;
				CLANG_ENABLE_OBJC_ARC = YES;
				CLANG_WARN_BOOL_CONVERSION = YES;
				CLANG_WARN_CONSTANT_CONVERSION = YES;
				CLANG_WARN_DIRECT_OBJC_ISA_USAGE = YES_ERROR;
				CLANG_WARN_EMPTY_BODY = YES;
				CLANG_WARN_ENUM_CONVERSION = YES;
				CLANG_WARN_INT_CONVERSION = YES;
				CLANG_WARN_OBJC_ROOT_CLASS = YES_ERROR;
				CLANG_WARN_UNREACHABLE_CODE = YES;
				CLANG_WARN__DUPLICATE_METHOD_MATCH = YES;
				"CODE_SIGN_IDENTITY[sdk=iphoneos*]" = "iPhone Developer";
				COPY_PHASE_STRIP = YES;
				ENABLE_NS_ASSERTIONS = NO;
				ENABLE_STRICT_OBJC_MSGSEND = YES;
				GCC_C_LANGUAGE_STANDARD = gnu99;
				GCC_WARN_64_TO_32_BIT_CONVERSION = YES;
				GCC_WARN_ABOUT_RETURN_TYPE = YES_ERROR;
				GCC_WARN_UNDECLARED_SELECTOR = YES;
				GCC_WARN_UNINITIALIZED_AUTOS = YES_AGGRESSIVE;
				GCC_WARN_UNUSED_FUNCTION = YES;
				GCC_WARN_UNUSED_VARIABLE = YES;
				IPHONEOS_DEPLOYMENT_TARGET = 8.1;
				MTL_ENABLE_DEBUG_INFO = NO;
				SDKROOT = iphoneos;
				TARGETED_DEVICE_FAMILY = "1,2";
				VALIDATE_PRODUCT = YES;
			};
			name = Release;
		};
		2B673A5B1A59F9AA001AE87F /* Debug */ = {
			isa = XCBuildConfiguration;
			buildSettings = {
				ASSETCATALOG_COMPILER_APPICON_NAME = AppIcon;
				INFOPLIST_FILE = KCAddressBook/Info.plist;
				LD_RUNPATH_SEARCH_PATHS = "$(inherited) @executable_path/Frameworks";
				PRODUCT_NAME = "$(TARGET_NAME)";
			};
			name = Debug;
		};
		2B673A5C1A59F9AA001AE87F /* Release */ = {
			isa = XCBuildConfiguration;
			buildSettings = {
				ASSETCATALOG_COMPILER_APPICON_NAME = AppIcon;
				INFOPLIST_FILE = KCAddressBook/Info.plist;
				LD_RUNPATH_SEARCH_PATHS = "$(inherited) @executable_path/Frameworks";
				PRODUCT_NAME = "$(TARGET_NAME)";
			};
			name = Release;
		};
		2B673A5E1A59F9AA001AE87F /* Debug */ = {
			isa = XCBuildConfiguration;
			buildSettings = {
				BUNDLE_LOADER = "$(TEST_HOST)";
				FRAMEWORK_SEARCH_PATHS = (
					"$(SDKROOT)/Developer/Library/Frameworks",
					"$(inherited)",
				);
				GCC_PREPROCESSOR_DEFINITIONS = (
					"DEBUG=1",
					"$(inherited)",
				);
				INFOPLIST_FILE = KCAddressBookTests/Info.plist;
				LD_RUNPATH_SEARCH_PATHS = "$(inherited) @executable_path/Frameworks @loader_path/Frameworks";
				PRODUCT_NAME = "$(TARGET_NAME)";
				TEST_HOST = "$(BUILT_PRODUCTS_DIR)/KCAddressBook.app/KCAddressBook";
			};
			name = Debug;
		};
		2B673A5F1A59F9AA001AE87F /* Release */ = {
			isa = XCBuildConfiguration;
			buildSettings = {
				BUNDLE_LOADER = "$(TEST_HOST)";
				FRAMEWORK_SEARCH_PATHS = (
					"$(SDKROOT)/Developer/Library/Frameworks",
					"$(inherited)",
				);
				INFOPLIST_FILE = KCAddressBookTests/Info.plist;
				LD_RUNPATH_SEARCH_PATHS = "$(inherited) @executable_path/Frameworks @loader_path/Frameworks";
				PRODUCT_NAME = "$(TARGET_NAME)";
				TEST_HOST = "$(BUILT_PRODUCTS_DIR)/KCAddressBook.app/KCAddressBook";
			};
			name = Release;
		};
/* End XCBuildConfiguration section */

/* Begin XCConfigurationList section */
		2B673A321A59F9A9001AE87F /* Build configuration list for PBXProject "KCAddressBook" */ = {
			isa = XCConfigurationList;
			buildConfigurations = (
				2B673A581A59F9AA001AE87F /* Debug */,
				2B673A591A59F9AA001AE87F /* Release */,
			);
			defaultConfigurationIsVisible = 0;
			defaultConfigurationName = Release;
		};
		2B673A5A1A59F9AA001AE87F /* Build configuration list for PBXNativeTarget "KCAddressBook" */ = {
			isa = XCConfigurationList;
			buildConfigurations = (
				2B673A5B1A59F9AA001AE87F /* Debug */,
				2B673A5C1A59F9AA001AE87F /* Release */,
			);
			defaultConfigurationIsVisible = 0;
			defaultConfigurationName = Release;
		};
		2B673A5D1A59F9AA001AE87F /* Build configuration list for PBXNativeTarget "KCAddressBookTests" */ = {
			isa = XCConfigurationList;
			buildConfigurations = (
				2B673A5E1A59F9AA001AE87F /* Debug */,
				2B673A5F1A59F9AA001AE87F /* Release */,
			);
			defaultConfigurationIsVisible = 0;
			defaultConfigurationName = Release;
		};
/* End XCConfigurationList section */
	};
	rootObject = 2B673A2F1A59F9A9001AE87F /* Project object */;
}
